
Microsoft Visual Studio Solution File, Format Version 12.00
# Visual Studio Version 17
VisualStudioVersion = 17.2.32602.215
MinimumVisualStudioVersion = 10.0.40219.1
Project("{FAE04EC0-301F-11D3-BF4B-00C04F79EFBC}") = "UnderstandingClasses", "UnderstandingClasses.csproj", "{C878AF37-22A0-4707-BF4C-022D96510DA6}"
EndProject
Global
	GlobalSection(SolutionConfigurationPlatforms) = preSolution
		Debug|Any CPU = Debug|Any CPU
		Release|Any CPU = Release|Any CPU
	EndGlobalSection
	GlobalSection(ProjectConfigurationPlatforms) = postSolution
		{C878AF37-22A0-4707-BF4C-022D96510DA6}.Debug|Any CPU.ActiveCfg = Debug|Any CPU
		{C878AF37-22A0-4707-BF4C-022D96510DA6}.Debug|Any CPU.Build.0 = Debug|Any CPU
		{C878AF37-22A0-4707-BF4C-022D96510DA6}.Release|Any CPU.ActiveCfg = Release|Any CPU
		{C878AF37-22A0-4707-BF4C-022D96510DA6}.Release|Any CPU.Build.0 = Release|Any CPU
	EndGlobalSection
	GlobalSection(SolutionProperties) = preSolution
		HideSolutionNode = FALSE
	EndGlobalSection
	GlobalSection(ExtensibilityGlobals) = postSolution
		SolutionGuid = {CCB1E2CF-2239-460F-ABFA-4E68E59941FF}
	EndGlobalSection
EndGlobal
